
Microsoft Visual Studio Solution File, Format Version 11.00
# Visual Studio Express 2012 for Windows Desktop
Project("{8BC9CEB8-8B4A-11D0-8D11-00A0C91BC942}") = "MordEng", "MordEng\MordEng.vcxproj", "{766CAB1E-D007-43DB-A19C-B3B72C7289D7}"
	ProjectSection(ProjectDependencies) = postProject
		{D29F7802-24AC-4F10-98A2-0898C1BF8FD6} = {D29F7802-24AC-4F10-98A2-0898C1BF8FD6}
	EndProjectSection
EndProject
Project("{8BC9CEB8-8B4A-11D0-8D11-00A0C91BC942}") = "eng", "eng\eng.vcxproj", "{D29F7802-24AC-4F10-98A2-0898C1BF8FD6}"
EndProject
Project("{8BC9CEB8-8B4A-11D0-8D11-00A0C91BC942}") = "Window", "Window\Window.vcxproj", "{ED6FFA41-1CA6-4F24-813E-DBDBF570E5D4}"
	ProjectSection(ProjectDependencies) = postProject
		{D29F7802-24AC-4F10-98A2-0898C1BF8FD6} = {D29F7802-24AC-4F10-98A2-0898C1BF8FD6}
	EndProjectSection
EndProject
Global
	GlobalSection(SolutionConfigurationPlatforms) = preSolution
		Debug|Win32 = Debug|Win32
		Release|Win32 = Release|Win32
	EndGlobalSection
	GlobalSection(ProjectConfigurationPlatforms) = postSolution
		{766CAB1E-D007-43DB-A19C-B3B72C7289D7}.Debug|Win32.ActiveCfg = Debug|Win32
		{766CAB1E-D007-43DB-A19C-B3B72C7289D7}.Debug|Win32.Build.0 = Debug|Win32
		{766CAB1E-D007-43DB-A19C-B3B72C7289D7}.Release|Win32.ActiveCfg = Release|Win32
		{766CAB1E-D007-43DB-A19C-B3B72C7289D7}.Release|Win32.Build.0 = Release|Win32
		{D29F7802-24AC-4F10-98A2-0898C1BF8FD6}.Debug|Win32.ActiveCfg = Debug|Win32
		{D29F7802-24AC-4F10-98A2-0898C1BF8FD6}.Debug|Win32.Build.0 = Debug|Win32
		{D29F7802-24AC-4F10-98A2-0898C1BF8FD6}.Release|Win32.ActiveCfg = Release|Win32
		{D29F7802-24AC-4F10-98A2-0898C1BF8FD6}.Release|Win32.Build.0 = Release|Win32
		{ED6FFA41-1CA6-4F24-813E-DBDBF570E5D4}.Debug|Win32.ActiveCfg = Debug|Win32
		{ED6FFA41-1CA6-4F24-813E-DBDBF570E5D4}.Debug|Win32.Build.0 = Debug|Win32
		{ED6FFA41-1CA6-4F24-813E-DBDBF570E5D4}.Release|Win32.ActiveCfg = Release|Win32
		{ED6FFA41-1CA6-4F24-813E-DBDBF570E5D4}.Release|Win32.Build.0 = Release|Win32
	EndGlobalSection
	GlobalSection(SolutionProperties) = preSolution
		HideSolutionNode = FALSE
	EndGlobalSection
EndGlobal
